
Microsoft Visual Studio Solution File, Format Version 12.00
# Visual Studio Version 16
VisualStudioVersion = 16.0.31911.196
MinimumVisualStudioVersion = 10.0.40219.1
Project("{9A19103F-16F7-4668-BE54-9A1E7A4F7556}") = "gRPC-client", "gRPC-client\gRPC-client.csproj", "{0FAEFE1D-F1F2-4A58-B2CE-BE1649924010}"
EndProject
Project("{FAE04EC0-301F-11D3-BF4B-00C04F79EFBC}") = "gRPC-library", "gRPC-library\gRPC-library.csproj", "{5DE25165-958D-45ED-889F-77EB5B58C2A9}"
EndProject
Global
	GlobalSection(SolutionConfigurationPlatforms) = preSolution
		Debug|Any CPU = Debug|Any CPU
		Release|Any CPU = Release|Any CPU
	EndGlobalSection
	GlobalSection(ProjectConfigurationPlatforms) = postSolution
		{0FAEFE1D-F1F2-4A58-B2CE-BE1649924010}.Debug|Any CPU.ActiveCfg = Debug|Any CPU
		{0FAEFE1D-F1F2-4A58-B2CE-BE1649924010}.Debug|Any CPU.Build.0 = Debug|Any CPU
		{0FAEFE1D-F1F2-4A58-B2CE-BE1649924010}.Release|Any CPU.ActiveCfg = Release|Any CPU
		{0FAEFE1D-F1F2-4A58-B2CE-BE1649924010}.Release|Any CPU.Build.0 = Release|Any CPU
		{5DE25165-958D-45ED-889F-77EB5B58C2A9}.Debug|Any CPU.ActiveCfg = Debug|Any CPU
		{5DE25165-958D-45ED-889F-77EB5B58C2A9}.Debug|Any CPU.Build.0 = Debug|Any CPU
		{5DE25165-958D-45ED-889F-77EB5B58C2A9}.Release|Any CPU.ActiveCfg = Release|Any CPU
		{5DE25165-958D-45ED-889F-77EB5B58C2A9}.Release|Any CPU.Build.0 = Release|Any CPU
	EndGlobalSection
	GlobalSection(SolutionProperties) = preSolution
		HideSolutionNode = FALSE
	EndGlobalSection
	GlobalSection(ExtensibilityGlobals) = postSolution
		SolutionGuid = {C0EFEF31-84F1-4151-9082-7044E71CBBCC}
	EndGlobalSection
EndGlobal
